
Microsoft Visual Studio Solution File, Format Version 12.00
# Visual Studio 2012
Project("{FAE04EC0-301F-11D3-BF4B-00C04F79EFBC}") = "Calculator", "Calculator\Calculator.csproj", "{76E71669-5ABE-4F0C-9587-19779ED54DBC}"
EndProject
Global
	GlobalSection(SolutionConfigurationPlatforms) = preSolution
		Debug|Any CPU = Debug|Any CPU
		Release|Any CPU = Release|Any CPU
	EndGlobalSection
	GlobalSection(ProjectConfigurationPlatforms) = postSolution
		{76E71669-5ABE-4F0C-9587-19779ED54DBC}.Debug|Any CPU.ActiveCfg = Debug|Any CPU
		{76E71669-5ABE-4F0C-9587-19779ED54DBC}.Debug|Any CPU.Build.0 = Debug|Any CPU
		{76E71669-5ABE-4F0C-9587-19779ED54DBC}.Release|Any CPU.ActiveCfg = Release|Any CPU
		{76E71669-5ABE-4F0C-9587-19779ED54DBC}.Release|Any CPU.Build.0 = Release|Any CPU
	EndGlobalSection
	GlobalSection(SolutionProperties) = preSolution
		HideSolutionNode = FALSE
	EndGlobalSection
EndGlobal
